
Microsoft Visual Studio Solution File, Format Version 11.00
# Visual Studio 2010
Project("{FAE04EC0-301F-11D3-BF4B-00C04F79EFBC}") = "Assembly-CSharp", "Assembly-CSharp.csproj", "{0C3D6791-0E38-A3DD-041C-514BAD6A30C2}"
EndProject
Project("{FAE04EC0-301F-11D3-BF4B-00C04F79EFBC}") = "Runtime", "Runtime.csproj", "{BFACA118-5DA9-ECB9-7380-93A441D5314D}"
EndProject
Project("{FAE04EC0-301F-11D3-BF4B-00C04F79EFBC}") = "Assembly-CSharp-Editor", "Assembly-CSharp-Editor.csproj", "{57D24250-14A0-2864-439C-F2B82EADCB3E}"
EndProject
Project("{FAE04EC0-301F-11D3-BF4B-00C04F79EFBC}") = "Editor", "Editor.csproj", "{B9093164-5146-DF12-7208-0E5A442A36A4}"
EndProject
Global
	GlobalSection(SolutionConfigurationPlatforms) = preSolution
		Debug|Any CPU = Debug|Any CPU
		Release|Any CPU = Release|Any CPU
	EndGlobalSection
	GlobalSection(ProjectConfigurationPlatforms) = postSolution
		{0C3D6791-0E38-A3DD-041C-514BAD6A30C2}.Debug|Any CPU.ActiveCfg = Debug|Any CPU
		{0C3D6791-0E38-A3DD-041C-514BAD6A30C2}.Debug|Any CPU.Build.0 = Debug|Any CPU
		{0C3D6791-0E38-A3DD-041C-514BAD6A30C2}.Release|Any CPU.ActiveCfg = Release|Any CPU
		{0C3D6791-0E38-A3DD-041C-514BAD6A30C2}.Release|Any CPU.Build.0 = Release|Any CPU
		{BFACA118-5DA9-ECB9-7380-93A441D5314D}.Debug|Any CPU.ActiveCfg = Debug|Any CPU
		{BFACA118-5DA9-ECB9-7380-93A441D5314D}.Debug|Any CPU.Build.0 = Debug|Any CPU
		{BFACA118-5DA9-ECB9-7380-93A441D5314D}.Release|Any CPU.ActiveCfg = Release|Any CPU
		{BFACA118-5DA9-ECB9-7380-93A441D5314D}.Release|Any CPU.Build.0 = Release|Any CPU
		{57D24250-14A0-2864-439C-F2B82EADCB3E}.Debug|Any CPU.ActiveCfg = Debug|Any CPU
		{57D24250-14A0-2864-439C-F2B82EADCB3E}.Debug|Any CPU.Build.0 = Debug|Any CPU
		{57D24250-14A0-2864-439C-F2B82EADCB3E}.Release|Any CPU.ActiveCfg = Release|Any CPU
		{57D24250-14A0-2864-439C-F2B82EADCB3E}.Release|Any CPU.Build.0 = Release|Any CPU
		{B9093164-5146-DF12-7208-0E5A442A36A4}.Debug|Any CPU.ActiveCfg = Debug|Any CPU
		{B9093164-5146-DF12-7208-0E5A442A36A4}.Debug|Any CPU.Build.0 = Debug|Any CPU
		{B9093164-5146-DF12-7208-0E5A442A36A4}.Release|Any CPU.ActiveCfg = Release|Any CPU
		{B9093164-5146-DF12-7208-0E5A442A36A4}.Release|Any CPU.Build.0 = Release|Any CPU
	EndGlobalSection
	GlobalSection(SolutionProperties) = preSolution
		HideSolutionNode = FALSE
	EndGlobalSection
EndGlobal
